// !$*UTF8*$!
{
	archiveVersion = 1;
	classes = {};
	objectVersion = 56;
	objects = {

/* Begin PBXBuildFile section */
		100000000000000000000001 /* RemoteComposePlayerApp.swift in Sources */ = {isa = PBXBuildFile; fileRef = 200000000000000000000001 /* RemoteComposePlayerApp.swift */; };
		100000000000000000000002 /* PlayerLibrary.swift in Sources */ = {isa = PBXBuildFile; fileRef = 200000000000000000000002 /* PlayerLibrary.swift */; };
		100000000000000000000003 /* PlayerRootView.swift in Sources */ = {isa = PBXBuildFile; fileRef = 200000000000000000000003 /* PlayerRootView.swift */; };
		100000000000000000000004 /* RemoteComposePlayerTypes.swift in Sources */ = {isa = PBXBuildFile; fileRef = 200000000000000000000004 /* RemoteComposePlayerTypes.swift */; };
		100000000000000000000005 /* RcComposePlayer.xcframework in Frameworks */ = {isa = PBXBuildFile; fileRef = 20000000000000000000000E /* RcComposePlayer.xcframework */; };
		100000000000000000000006 /* TitleCardRemote-640x480.rc in Resources */ = {isa = PBXBuildFile; fileRef = 200000000000000000000006 /* TitleCardRemote-640x480.rc */; };
		100000000000000000000007 /* IndeterminateCircularProgress-400x400.rc in Resources */ = {isa = PBXBuildFile; fileRef = 200000000000000000000007 /* IndeterminateCircularProgress-400x400.rc */; };
		100000000000000000000008 /* ImageBackgroundRemoteButton-454x200.rc in Resources */ = {isa = PBXBuildFile; fileRef = 200000000000000000000008 /* ImageBackgroundRemoteButton-454x200.rc */; };
		100000000000000000000009 /* CircularProgressRemote-384x384.rc in Resources */ = {isa = PBXBuildFile; fileRef = 200000000000000000000009 /* CircularProgressRemote-384x384.rc */; };
		10000000000000000000000A /* ArcProgressRemote-454x400.rc in Resources */ = {isa = PBXBuildFile; fileRef = 20000000000000000000000A /* ArcProgressRemote-454x400.rc */; };
		10000000000000000000000B /* RemoteComposePlayerView.swift in Sources */ = {isa = PBXBuildFile; fileRef = 20000000000000000000000C /* RemoteComposePlayerView.swift */; };
		10000000000000000000000C /* RemoteComposePlayerWindow.swift in Sources */ = {isa = PBXBuildFile; fileRef = 20000000000000000000000D /* RemoteComposePlayerWindow.swift */; };
		10000000000000000000000D /* RemoteComposeNativePlayer.swift in Sources */ = {isa = PBXBuildFile; fileRef = 20000000000000000000000F /* RemoteComposeNativePlayer.swift */; };
		10000000000000000000000E /* NativeComponentViews.swift in Sources */ = {isa = PBXBuildFile; fileRef = 200000000000000000000010 /* NativeComponentViews.swift */; };
		10000000000000000000000F /* RemoteComposeNativePlayerRepresentable.swift in Sources */ = {isa = PBXBuildFile; fileRef = 200000000000000000000011 /* RemoteComposeNativePlayerRepresentable.swift */; };
		100000000000000000000010 /* NativeCompatibility.swift in Sources */ = {isa = PBXBuildFile; fileRef = 200000000000000000000012 /* NativeCompatibility.swift */; };
		100000000000000000000011 /* NativeLayout.swift in Sources */ = {isa = PBXBuildFile; fileRef = 200000000000000000000013 /* NativeLayout.swift */; };
		100000000000000000000012 /* NativeGraphicsState.swift in Sources */ = {isa = PBXBuildFile; fileRef = 200000000000000000000014 /* NativeGraphicsState.swift */; };
		100000000000000000000013 /* NativePath.swift in Sources */ = {isa = PBXBuildFile; fileRef = 200000000000000000000015 /* NativePath.swift */; };
		100000000000000000000014 /* NativeTextPolicy.swift in Sources */ = {isa = PBXBuildFile; fileRef = 200000000000000000000016 /* NativeTextPolicy.swift */; };
		100000000000000000000015 /* NativeResources.swift in Sources */ = {isa = PBXBuildFile; fileRef = 200000000000000000000017 /* NativeResources.swift */; };
		100000000000000000000016 /* NativeSession.swift in Sources */ = {isa = PBXBuildFile; fileRef = 200000000000000000000018 /* NativeSession.swift */; };
		100000000000000000000017 /* NativeAccessibilityPolicy.swift in Sources */ = {isa = PBXBuildFile; fileRef = 200000000000000000000019 /* NativeAccessibilityPolicy.swift */; };
		100000000000000000000018 /* NativeFrameTiming.swift in Sources */ = {isa = PBXBuildFile; fileRef = 20000000000000000000001A /* NativeFrameTiming.swift */; };
		100000000000000000000019 /* NativeExecutionLimits.swift in Sources */ = {isa = PBXBuildFile; fileRef = 20000000000000000000001B /* NativeExecutionLimits.swift */; };
		10000000000000000000001A /* NativePlayerEvidence.swift in Sources */ = {isa = PBXBuildFile; fileRef = 20000000000000000000001C /* NativePlayerEvidence.swift */; };
		10000000000000000000001B /* NativeAccessibilityTestHost.swift in Sources */ = {isa = PBXBuildFile; fileRef = 20000000000000000000001D /* NativeAccessibilityTestHost.swift */; };
		10000000000000000000001C /* NativeAccessibilityUITests.swift in Sources */ = {isa = PBXBuildFile; fileRef = 20000000000000000000001E /* NativeAccessibilityUITests.swift */; };
		10000000000000000000001D /* NativeComparisonHarness.swift in Sources */ = {isa = PBXBuildFile; fileRef = 200000000000000000000020 /* NativeComparisonHarness.swift */; };
		10000000000000000000001E /* NativeCustomComponents.swift in Sources */ = {isa = PBXBuildFile; fileRef = 200000000000000000000021 /* NativeCustomComponents.swift */; };
		10000000000000000000001F /* NativeCustomComponentSamples.swift in Sources */ = {isa = PBXBuildFile; fileRef = 200000000000000000000022 /* NativeCustomComponentSamples.swift */; };
		100000000000000000000020 /* NativeSwiftCore.swift in Sources */ = {isa = PBXBuildFile; fileRef = 200000000000000000000023 /* NativeSwiftCore.swift */; };
		100000000000000000000021 /* RemoteComposeDownloadableFonts.swift in Sources */ = {isa = PBXBuildFile; fileRef = 200000000000000000000024 /* RemoteComposeDownloadableFonts.swift */; };
		100000000000000000000022 /* NativeDensityPolicy.swift in Sources */ = {isa = PBXBuildFile; fileRef = 200000000000000000000025 /* NativeDensityPolicy.swift */; };
/* End PBXBuildFile section */

/* Begin PBXContainerItemProxy section */
		A00000000000000000000001 /* PBXContainerItemProxy */ = {
			isa = PBXContainerItemProxy;
			containerPortal = 600000000000000000000001 /* Project object */;
			proxyType = 1;
			remoteGlobalIDString = 500000000000000000000001;
			remoteInfo = RemoteComposePlayer;
		};
/* End PBXContainerItemProxy section */

/* Begin PBXFileReference section */
		200000000000000000000001 /* RemoteComposePlayerApp.swift */ = {isa = PBXFileReference; lastKnownFileType = sourcecode.swift; path = RemoteComposePlayerApp.swift; sourceTree = "<group>"; };
		200000000000000000000002 /* PlayerLibrary.swift */ = {isa = PBXFileReference; lastKnownFileType = sourcecode.swift; path = PlayerLibrary.swift; sourceTree = "<group>"; };
		200000000000000000000003 /* PlayerRootView.swift */ = {isa = PBXFileReference; lastKnownFileType = sourcecode.swift; path = PlayerRootView.swift; sourceTree = "<group>"; };
		200000000000000000000004 /* RemoteComposePlayerTypes.swift */ = {isa = PBXFileReference; lastKnownFileType = sourcecode.swift; name = RemoteComposePlayerTypes.swift; path = "../../Sources/RcComposePlayerSwiftUI/RemoteComposePlayerTypes.swift"; sourceTree = "<group>"; };
		200000000000000000000005 /* Info.plist */ = {isa = PBXFileReference; lastKnownFileType = text.plist.xml; path = Info.plist; sourceTree = "<group>"; };
		200000000000000000000006 /* TitleCardRemote-640x480.rc */ = {isa = PBXFileReference; lastKnownFileType = file; name = "TitleCardRemote-640x480.rc"; path = "../../third_party/rc-embedded-player/src/test/resources/rc-fixtures/TitleCardRemote-640x480.rc"; sourceTree = "<group>"; };
		200000000000000000000007 /* IndeterminateCircularProgress-400x400.rc */ = {isa = PBXFileReference; lastKnownFileType = file; name = "IndeterminateCircularProgress-400x400.rc"; path = "../../rc-player/compose/src/jvmTest/resources/rc-fixtures/IndeterminateCircularProgress-400x400.rc"; sourceTree = "<group>"; };
		200000000000000000000008 /* ImageBackgroundRemoteButton-454x200.rc */ = {isa = PBXFileReference; lastKnownFileType = file; name = "ImageBackgroundRemoteButton-454x200.rc"; path = "../../third_party/rc-embedded-player/src/test/resources/rc-fixtures/ImageBackgroundRemoteButton-454x200.rc"; sourceTree = "<group>"; };
		200000000000000000000009 /* CircularProgressRemote-384x384.rc */ = {isa = PBXFileReference; lastKnownFileType = file; name = "CircularProgressRemote-384x384.rc"; path = "../../third_party/rc-embedded-player/src/test/resources/rc-fixtures/CircularProgressRemote-384x384.rc"; sourceTree = "<group>"; };
		20000000000000000000000A /* ArcProgressRemote-454x400.rc */ = {isa = PBXFileReference; lastKnownFileType = file; name = "ArcProgressRemote-454x400.rc"; path = "../../third_party/rc-embedded-player/src/test/resources/rc-fixtures/ArcProgressRemote-454x400.rc"; sourceTree = "<group>"; };
		20000000000000000000000B /* Remote Compose.app */ = {isa = PBXFileReference; explicitFileType = wrapper.application; includeInIndex = 0; path = "Remote Compose.app"; sourceTree = BUILT_PRODUCTS_DIR; };
		20000000000000000000000C /* RemoteComposePlayerView.swift */ = {isa = PBXFileReference; lastKnownFileType = sourcecode.swift; name = RemoteComposePlayerView.swift; path = "../../Sources/RcComposePlayerSwiftUI/RemoteComposePlayerView.swift"; sourceTree = "<group>"; };
		20000000000000000000000D /* RemoteComposePlayerWindow.swift */ = {isa = PBXFileReference; lastKnownFileType = sourcecode.swift; name = RemoteComposePlayerWindow.swift; path = "../../Sources/RcComposePlayerSwiftUI/RemoteComposePlayerWindow.swift"; sourceTree = "<group>"; };
		20000000000000000000000E /* RcComposePlayer.xcframework */ = {isa = PBXFileReference; lastKnownFileType = wrapper.xcframework; name = RcComposePlayer.xcframework; path = "../../rc-player/compose/build/XCFrameworks/release/RcComposePlayer.xcframework"; sourceTree = "<group>"; };
		20000000000000000000000F /* RemoteComposeNativePlayer.swift */ = {isa = PBXFileReference; lastKnownFileType = sourcecode.swift; name = RemoteComposeNativePlayer.swift; path = "../../Sources/RcNativePlayerUIKit/RemoteComposeNativePlayer.swift"; sourceTree = "<group>"; };
		200000000000000000000010 /* NativeComponentViews.swift */ = {isa = PBXFileReference; lastKnownFileType = sourcecode.swift; name = NativeComponentViews.swift; path = "../../Sources/RcNativePlayerUIKit/NativeComponentViews.swift"; sourceTree = "<group>"; };
		200000000000000000000011 /* RemoteComposeNativePlayerRepresentable.swift */ = {isa = PBXFileReference; lastKnownFileType = sourcecode.swift; name = RemoteComposeNativePlayerRepresentable.swift; path = "../../Sources/RcNativePlayerUIKit/RemoteComposeNativePlayerRepresentable.swift"; sourceTree = "<group>"; };
		200000000000000000000012 /* NativeCompatibility.swift */ = {isa = PBXFileReference; lastKnownFileType = sourcecode.swift; name = NativeCompatibility.swift; path = "../../Sources/RcNativePlayerUIKit/NativeCompatibility.swift"; sourceTree = "<group>"; };
		200000000000000000000025 /* NativeDensityPolicy.swift */ = {isa = PBXFileReference; lastKnownFileType = sourcecode.swift; name = NativeDensityPolicy.swift; path = "../../Sources/RcNativePlayerUIKit/NativeDensityPolicy.swift"; sourceTree = "<group>"; };
		200000000000000000000013 /* NativeLayout.swift */ = {isa = PBXFileReference; lastKnownFileType = sourcecode.swift; name = NativeLayout.swift; path = "../../Sources/RcNativePlayerUIKit/NativeLayout.swift"; sourceTree = "<group>"; };
		200000000000000000000014 /* NativeGraphicsState.swift */ = {isa = PBXFileReference; lastKnownFileType = sourcecode.swift; name = NativeGraphicsState.swift; path = "../../Sources/RcNativePlayerUIKit/NativeGraphicsState.swift"; sourceTree = "<group>"; };
		200000000000000000000015 /* NativePath.swift */ = {isa = PBXFileReference; lastKnownFileType = sourcecode.swift; name = NativePath.swift; path = "../../Sources/RcNativePlayerUIKit/NativePath.swift"; sourceTree = "<group>"; };
		200000000000000000000016 /* NativeTextPolicy.swift */ = {isa = PBXFileReference; lastKnownFileType = sourcecode.swift; name = NativeTextPolicy.swift; path = "../../Sources/RcNativePlayerUIKit/NativeTextPolicy.swift"; sourceTree = "<group>"; };
		200000000000000000000017 /* NativeResources.swift */ = {isa = PBXFileReference; lastKnownFileType = sourcecode.swift; name = NativeResources.swift; path = "../../Sources/RcNativePlayerUIKit/NativeResources.swift"; sourceTree = "<group>"; };
		200000000000000000000018 /* NativeSession.swift */ = {isa = PBXFileReference; lastKnownFileType = sourcecode.swift; name = NativeSession.swift; path = "../../Sources/RcNativePlayerUIKit/NativeSession.swift"; sourceTree = "<group>"; };
		200000000000000000000019 /* NativeAccessibilityPolicy.swift */ = {isa = PBXFileReference; lastKnownFileType = sourcecode.swift; name = NativeAccessibilityPolicy.swift; path = "../../Sources/RcNativePlayerUIKit/NativeAccessibilityPolicy.swift"; sourceTree = "<group>"; };
		20000000000000000000001A /* NativeFrameTiming.swift */ = {isa = PBXFileReference; lastKnownFileType = sourcecode.swift; name = NativeFrameTiming.swift; path = "../../Sources/RcNativePlayerUIKit/NativeFrameTiming.swift"; sourceTree = "<group>"; };
		20000000000000000000001B /* NativeExecutionLimits.swift */ = {isa = PBXFileReference; lastKnownFileType = sourcecode.swift; name = NativeExecutionLimits.swift; path = "../../Sources/RcNativePlayerUIKit/NativeExecutionLimits.swift"; sourceTree = "<group>"; };
		20000000000000000000001C /* NativePlayerEvidence.swift */ = {isa = PBXFileReference; lastKnownFileType = sourcecode.swift; path = NativePlayerEvidence.swift; sourceTree = "<group>"; };
		20000000000000000000001D /* NativeAccessibilityTestHost.swift */ = {isa = PBXFileReference; lastKnownFileType = sourcecode.swift; path = NativeAccessibilityTestHost.swift; sourceTree = "<group>"; };
		20000000000000000000001E /* NativeAccessibilityUITests.swift */ = {isa = PBXFileReference; lastKnownFileType = sourcecode.swift; path = NativeAccessibilityUITests.swift; sourceTree = "<group>"; };
		20000000000000000000001F /* RemoteComposePlayerUITests.xctest */ = {isa = PBXFileReference; explicitFileType = wrapper.cfbundle; includeInIndex = 0; path = RemoteComposePlayerUITests.xctest; sourceTree = BUILT_PRODUCTS_DIR; };
		200000000000000000000020 /* NativeComparisonHarness.swift */ = {isa = PBXFileReference; lastKnownFileType = sourcecode.swift; path = NativeComparisonHarness.swift; sourceTree = "<group>"; };
		200000000000000000000021 /* NativeCustomComponents.swift */ = {isa = PBXFileReference; lastKnownFileType = sourcecode.swift; name = NativeCustomComponents.swift; path = "../../Sources/RcNativePlayerUIKit/NativeCustomComponents.swift"; sourceTree = "<group>"; };
		200000000000000000000022 /* NativeCustomComponentSamples.swift */ = {isa = PBXFileReference; lastKnownFileType = sourcecode.swift; path = NativeCustomComponentSamples.swift; sourceTree = "<group>"; };
		200000000000000000000023 /* NativeSwiftCore.swift */ = {isa = PBXFileReference; lastKnownFileType = sourcecode.swift; name = NativeSwiftCore.swift; path = "../../Sources/RcNativePlayerCore/NativeSwiftCore.swift"; sourceTree = "<group>"; };
		200000000000000000000024 /* RemoteComposeDownloadableFonts.swift */ = {isa = PBXFileReference; lastKnownFileType = sourcecode.swift; name = RemoteComposeDownloadableFonts.swift; path = "../../Sources/RcPlayerAppleFonts/RemoteComposeDownloadableFonts.swift"; sourceTree = "<group>"; };
/* End PBXFileReference section */

/* Begin PBXFrameworksBuildPhase section */
		300000000000000000000001 /* Frameworks */ = {
			isa = PBXFrameworksBuildPhase;
			buildActionMask = 2147483647;
			files = (100000000000000000000005 /* RcComposePlayer.xcframework in Frameworks */);
			runOnlyForDeploymentPostprocessing = 0;
		};
		300000000000000000000002 /* Frameworks */ = {
			isa = PBXFrameworksBuildPhase;
			buildActionMask = 2147483647;
			files = ();
			runOnlyForDeploymentPostprocessing = 0;
		};
/* End PBXFrameworksBuildPhase section */

/* Begin PBXGroup section */
		400000000000000000000001 = {
			isa = PBXGroup;
			children = (
				400000000000000000000002 /* RemoteComposePlayer */,
				400000000000000000000007 /* RemoteComposePlayerUITests */,
				400000000000000000000005 /* RcComposePlayerSwiftUI */,
				400000000000000000000006 /* RcNativePlayerUIKit */,
				200000000000000000000024 /* RemoteComposeDownloadableFonts.swift */,
				20000000000000000000000E /* RcComposePlayer.xcframework */,
				400000000000000000000003 /* Fixtures */,
				400000000000000000000004 /* Products */,
			);
			sourceTree = "<group>";
		};
		400000000000000000000002 /* RemoteComposePlayer */ = {
			isa = PBXGroup;
			children = (
				200000000000000000000001 /* RemoteComposePlayerApp.swift */,
				200000000000000000000002 /* PlayerLibrary.swift */,
				200000000000000000000022 /* NativeCustomComponentSamples.swift */,
				200000000000000000000003 /* PlayerRootView.swift */,
				20000000000000000000001C /* NativePlayerEvidence.swift */,
				20000000000000000000001D /* NativeAccessibilityTestHost.swift */,
				200000000000000000000020 /* NativeComparisonHarness.swift */,
				200000000000000000000005 /* Info.plist */,
			);
			path = RemoteComposePlayer;
			sourceTree = "<group>";
		};
		400000000000000000000003 /* Fixtures */ = {
			isa = PBXGroup;
			children = (
				200000000000000000000006 /* TitleCardRemote-640x480.rc */,
				200000000000000000000007 /* IndeterminateCircularProgress-400x400.rc */,
				200000000000000000000008 /* ImageBackgroundRemoteButton-454x200.rc */,
				200000000000000000000009 /* CircularProgressRemote-384x384.rc */,
				20000000000000000000000A /* ArcProgressRemote-454x400.rc */,
			);
			name = Fixtures;
			sourceTree = "<group>";
		};
		400000000000000000000004 /* Products */ = {
			isa = PBXGroup;
			children = (
				20000000000000000000000B /* Remote Compose.app */,
				20000000000000000000001F /* RemoteComposePlayerUITests.xctest */,
			);
			name = Products;
			sourceTree = "<group>";
		};
		400000000000000000000005 /* RcComposePlayerSwiftUI */ = {
			isa = PBXGroup;
			children = (
				200000000000000000000004 /* RemoteComposePlayerTypes.swift */,
				20000000000000000000000C /* RemoteComposePlayerView.swift */,
				20000000000000000000000D /* RemoteComposePlayerWindow.swift */,
			);
			name = RcComposePlayerSwiftUI;
			sourceTree = "<group>";
		};
		400000000000000000000006 /* RcNativePlayerUIKit */ = {
			isa = PBXGroup;
			children = (
				200000000000000000000012 /* NativeCompatibility.swift */,
				200000000000000000000025 /* NativeDensityPolicy.swift */,
				200000000000000000000013 /* NativeLayout.swift */,
				200000000000000000000014 /* NativeGraphicsState.swift */,
				200000000000000000000015 /* NativePath.swift */,
				200000000000000000000016 /* NativeTextPolicy.swift */,
				200000000000000000000017 /* NativeResources.swift */,
				200000000000000000000018 /* NativeSession.swift */,
				200000000000000000000023 /* NativeSwiftCore.swift */,
				200000000000000000000019 /* NativeAccessibilityPolicy.swift */,
				20000000000000000000001A /* NativeFrameTiming.swift */,
				20000000000000000000001B /* NativeExecutionLimits.swift */,
				200000000000000000000021 /* NativeCustomComponents.swift */,
				20000000000000000000000F /* RemoteComposeNativePlayer.swift */,
				200000000000000000000010 /* NativeComponentViews.swift */,
				200000000000000000000011 /* RemoteComposeNativePlayerRepresentable.swift */,
			);
			name = RcNativePlayerUIKit;
			sourceTree = "<group>";
		};
		400000000000000000000007 /* RemoteComposePlayerUITests */ = {
			isa = PBXGroup;
			children = (20000000000000000000001E /* NativeAccessibilityUITests.swift */);
			path = RemoteComposePlayerUITests;
			sourceTree = "<group>";
		};
/* End PBXGroup section */

/* Begin PBXNativeTarget section */
		500000000000000000000001 /* RemoteComposePlayer */ = {
			isa = PBXNativeTarget;
			buildConfigurationList = 900000000000000000000002 /* Build configuration list for PBXNativeTarget */;
			buildPhases = (
				700000000000000000000001 /* Sources */,
				300000000000000000000001 /* Frameworks */,
				700000000000000000000002 /* Resources */,
			);
			buildRules = ();
			dependencies = ();
			name = RemoteComposePlayer;
			packageProductDependencies = ();
			productName = RemoteComposePlayer;
			productReference = 20000000000000000000000B /* Remote Compose.app */;
			productType = "com.apple.product-type.application";
		};
		500000000000000000000002 /* RemoteComposePlayerUITests */ = {
			isa = PBXNativeTarget;
			buildConfigurationList = 900000000000000000000003 /* Build configuration list for PBXNativeTarget */;
			buildPhases = (
				700000000000000000000003 /* Sources */,
				300000000000000000000002 /* Frameworks */,
			);
			buildRules = ();
			dependencies = (A10000000000000000000001 /* PBXTargetDependency */);
			name = RemoteComposePlayerUITests;
			packageProductDependencies = ();
			productName = RemoteComposePlayerUITests;
			productReference = 20000000000000000000001F /* RemoteComposePlayerUITests.xctest */;
			productType = "com.apple.product-type.bundle.ui-testing";
		};
/* End PBXNativeTarget section */

/* Begin PBXProject section */
		600000000000000000000001 /* Project object */ = {
			isa = PBXProject;
			attributes = {
				BuildIndependentTargetsInParallel = 1;
				LastSwiftUpdateCheck = 2660;
				LastUpgradeCheck = 2660;
				TargetAttributes = {
					500000000000000000000001 = {CreatedOnToolsVersion = 26.6;};
					500000000000000000000002 = {CreatedOnToolsVersion = 26.6; TestTargetID = 500000000000000000000001;};
				};
			};
			buildConfigurationList = 900000000000000000000001 /* Build configuration list for PBXProject */;
			compatibilityVersion = "Xcode 14.0";
			developmentRegion = en;
			hasScannedForEncodings = 0;
			knownRegions = (en, Base);
			mainGroup = 400000000000000000000001;
			packageReferences = ();
			productRefGroup = 400000000000000000000004 /* Products */;
			projectDirPath = "";
			projectRoot = "";
			targets = (
				500000000000000000000001 /* RemoteComposePlayer */,
				500000000000000000000002 /* RemoteComposePlayerUITests */,
			);
		};
/* End PBXProject section */

/* Begin PBXResourcesBuildPhase section */
		700000000000000000000002 /* Resources */ = {
			isa = PBXResourcesBuildPhase;
			buildActionMask = 2147483647;
			files = (
				100000000000000000000006 /* TitleCardRemote-640x480.rc in Resources */,
				100000000000000000000007 /* IndeterminateCircularProgress-400x400.rc in Resources */,
				100000000000000000000008 /* ImageBackgroundRemoteButton-454x200.rc in Resources */,
				100000000000000000000009 /* CircularProgressRemote-384x384.rc in Resources */,
				10000000000000000000000A /* ArcProgressRemote-454x400.rc in Resources */,
			);
			runOnlyForDeploymentPostprocessing = 0;
		};
/* End PBXResourcesBuildPhase section */

/* Begin PBXSourcesBuildPhase section */
		700000000000000000000001 /* Sources */ = {
			isa = PBXSourcesBuildPhase;
			buildActionMask = 2147483647;
			files = (
				100000000000000000000001 /* RemoteComposePlayerApp.swift in Sources */,
				100000000000000000000002 /* PlayerLibrary.swift in Sources */,
				100000000000000000000003 /* PlayerRootView.swift in Sources */,
				10000000000000000000001F /* NativeCustomComponentSamples.swift in Sources */,
				100000000000000000000004 /* RemoteComposePlayerTypes.swift in Sources */,
				10000000000000000000000B /* RemoteComposePlayerView.swift in Sources */,
				10000000000000000000000C /* RemoteComposePlayerWindow.swift in Sources */,
				10000000000000000000000D /* RemoteComposeNativePlayer.swift in Sources */,
				10000000000000000000000E /* NativeComponentViews.swift in Sources */,
				10000000000000000000000F /* RemoteComposeNativePlayerRepresentable.swift in Sources */,
				100000000000000000000010 /* NativeCompatibility.swift in Sources */,
				100000000000000000000022 /* NativeDensityPolicy.swift in Sources */,
				100000000000000000000011 /* NativeLayout.swift in Sources */,
				100000000000000000000012 /* NativeGraphicsState.swift in Sources */,
				100000000000000000000013 /* NativePath.swift in Sources */,
				100000000000000000000014 /* NativeTextPolicy.swift in Sources */,
				100000000000000000000015 /* NativeResources.swift in Sources */,
				100000000000000000000016 /* NativeSession.swift in Sources */,
				100000000000000000000020 /* NativeSwiftCore.swift in Sources */,
				100000000000000000000021 /* RemoteComposeDownloadableFonts.swift in Sources */,
				100000000000000000000017 /* NativeAccessibilityPolicy.swift in Sources */,
				100000000000000000000018 /* NativeFrameTiming.swift in Sources */,
				100000000000000000000019 /* NativeExecutionLimits.swift in Sources */,
				10000000000000000000001E /* NativeCustomComponents.swift in Sources */,
				10000000000000000000001A /* NativePlayerEvidence.swift in Sources */,
				10000000000000000000001B /* NativeAccessibilityTestHost.swift in Sources */,
				10000000000000000000001D /* NativeComparisonHarness.swift in Sources */,
			);
			runOnlyForDeploymentPostprocessing = 0;
		};
		700000000000000000000003 /* Sources */ = {
			isa = PBXSourcesBuildPhase;
			buildActionMask = 2147483647;
			files = (10000000000000000000001C /* NativeAccessibilityUITests.swift in Sources */);
			runOnlyForDeploymentPostprocessing = 0;
		};
/* End PBXSourcesBuildPhase section */

/* Begin PBXTargetDependency section */
		A10000000000000000000001 /* PBXTargetDependency */ = {
			isa = PBXTargetDependency;
			target = 500000000000000000000001 /* RemoteComposePlayer */;
			targetProxy = A00000000000000000000001 /* PBXContainerItemProxy */;
		};
/* End PBXTargetDependency section */

/* Begin XCBuildConfiguration section */
		800000000000000000000001 /* Debug */ = {isa = XCBuildConfiguration; buildSettings = {CLANG_ENABLE_MODULES = YES; IPHONEOS_DEPLOYMENT_TARGET = 26.0; SDKROOT = iphoneos; SWIFT_VERSION = 6.0;}; name = Debug;};
		800000000000000000000002 /* Release */ = {isa = XCBuildConfiguration; buildSettings = {CLANG_ENABLE_MODULES = YES; IPHONEOS_DEPLOYMENT_TARGET = 26.0; SDKROOT = iphoneos; SWIFT_COMPILATION_MODE = wholemodule; SWIFT_VERSION = 6.0;}; name = Release;};
		800000000000000000000003 /* Debug */ = {
			isa = XCBuildConfiguration;
			buildSettings = {
				ASSETCATALOG_COMPILER_GENERATE_SWIFT_ASSET_SYMBOL_EXTENSIONS = YES;
				CODE_SIGN_STYLE = Automatic;
				CURRENT_PROJECT_VERSION = 1;
				DEVELOPMENT_TEAM = "";
				"EXCLUDED_ARCHS[sdk=iphonesimulator*]" = x86_64;
				GENERATE_INFOPLIST_FILE = YES;
				INFOPLIST_FILE = RemoteComposePlayer/Info.plist;
				INFOPLIST_KEY_CFBundleDisplayName = "Remote Compose";
				INFOPLIST_KEY_LSApplicationCategoryType = "public.app-category.developer-tools";
				INFOPLIST_KEY_UIApplicationSceneManifest_Generation = YES;
				INFOPLIST_KEY_UIApplicationSupportsIndirectInputEvents = YES;
				INFOPLIST_KEY_UILaunchScreen_Generation = YES;
				MARKETING_VERSION = 1.0;
				PRODUCT_BUNDLE_IDENTIFIER = ee.schimke.rcplayers.appleplayer;
				PRODUCT_NAME = "Remote Compose";
				SUPPORTED_PLATFORMS = "iphoneos iphonesimulator";
				SUPPORTS_MACCATALYST = NO;
				SUPPORTS_MAC_DESIGNED_FOR_IPHONE_IPAD = YES;
				SWIFT_EMIT_LOC_STRINGS = YES;
				TARGETED_DEVICE_FAMILY = 2;
			};
			name = Debug;
		};
		800000000000000000000004 /* Release */ = {
			isa = XCBuildConfiguration;
			buildSettings = {
				ASSETCATALOG_COMPILER_GENERATE_SWIFT_ASSET_SYMBOL_EXTENSIONS = YES;
				CODE_SIGN_STYLE = Automatic;
				CURRENT_PROJECT_VERSION = 1;
				DEVELOPMENT_TEAM = "";
				"EXCLUDED_ARCHS[sdk=iphonesimulator*]" = x86_64;
				GENERATE_INFOPLIST_FILE = YES;
				INFOPLIST_FILE = RemoteComposePlayer/Info.plist;
				INFOPLIST_KEY_CFBundleDisplayName = "Remote Compose";
				INFOPLIST_KEY_LSApplicationCategoryType = "public.app-category.developer-tools";
				INFOPLIST_KEY_UIApplicationSceneManifest_Generation = YES;
				INFOPLIST_KEY_UIApplicationSupportsIndirectInputEvents = YES;
				INFOPLIST_KEY_UILaunchScreen_Generation = YES;
				MARKETING_VERSION = 1.0;
				PRODUCT_BUNDLE_IDENTIFIER = ee.schimke.rcplayers.appleplayer;
				PRODUCT_NAME = "Remote Compose";
				SUPPORTED_PLATFORMS = "iphoneos iphonesimulator";
				SUPPORTS_MACCATALYST = NO;
				SUPPORTS_MAC_DESIGNED_FOR_IPHONE_IPAD = YES;
				SWIFT_EMIT_LOC_STRINGS = YES;
				TARGETED_DEVICE_FAMILY = 2;
			};
			name = Release;
		};
		800000000000000000000005 /* Debug */ = {
			isa = XCBuildConfiguration;
			buildSettings = {
				CODE_SIGN_STYLE = Automatic;
				CURRENT_PROJECT_VERSION = 1;
				GENERATE_INFOPLIST_FILE = YES;
				IPHONEOS_DEPLOYMENT_TARGET = 26.0;
				MARKETING_VERSION = 1.0;
				PRODUCT_BUNDLE_IDENTIFIER = ee.schimke.rcplayers.appleplayerUITests;
				PRODUCT_NAME = "$(TARGET_NAME)";
				SDKROOT = iphoneos;
				SUPPORTED_PLATFORMS = iphonesimulator;
				SWIFT_VERSION = 6.0;
				TARGETED_DEVICE_FAMILY = 2;
				TEST_TARGET_NAME = RemoteComposePlayer;
			};
			name = Debug;
		};
		800000000000000000000006 /* Release */ = {
			isa = XCBuildConfiguration;
			buildSettings = {
				CODE_SIGN_STYLE = Automatic;
				CURRENT_PROJECT_VERSION = 1;
				GENERATE_INFOPLIST_FILE = YES;
				IPHONEOS_DEPLOYMENT_TARGET = 26.0;
				MARKETING_VERSION = 1.0;
				PRODUCT_BUNDLE_IDENTIFIER = ee.schimke.rcplayers.appleplayerUITests;
				PRODUCT_NAME = "$(TARGET_NAME)";
				SDKROOT = iphoneos;
				SUPPORTED_PLATFORMS = iphonesimulator;
				SWIFT_VERSION = 6.0;
				TARGETED_DEVICE_FAMILY = 2;
				TEST_TARGET_NAME = RemoteComposePlayer;
			};
			name = Release;
		};
/* End XCBuildConfiguration section */

/* Begin XCConfigurationList section */
		900000000000000000000001 /* Build configuration list for PBXProject */ = {isa = XCConfigurationList; buildConfigurations = (800000000000000000000001 /* Debug */, 800000000000000000000002 /* Release */); defaultConfigurationIsVisible = 0; defaultConfigurationName = Release;};
		900000000000000000000002 /* Build configuration list for PBXNativeTarget */ = {isa = XCConfigurationList; buildConfigurations = (800000000000000000000003 /* Debug */, 800000000000000000000004 /* Release */); defaultConfigurationIsVisible = 0; defaultConfigurationName = Release;};
		900000000000000000000003 /* Build configuration list for PBXNativeTarget */ = {isa = XCConfigurationList; buildConfigurations = (800000000000000000000005 /* Debug */, 800000000000000000000006 /* Release */); defaultConfigurationIsVisible = 0; defaultConfigurationName = Release;};
/* End XCConfigurationList section */

	};
	rootObject = 600000000000000000000001 /* Project object */;
}
