{
  "originHash" : "0b099e09c8c0c1bc6a08df8bc0d7f9be0e12fd13c4c6f25a6153b5aa75f243c4",
  "pins" : [
    {
      "identity" : "rc-players",
      "kind" : "remoteSourceControl",
      "location" : "https://github.com/yschimke/rc-players.git",
      "state" : {
        "revision" : "558a93e488637e7088f6b2a57795402cf22e5db6",
        "version" : "1.59.3"
      }
    }
  ],
  "version" : 3
}
